
Microsoft Visual Studio Solution File, Format Version 12.00
# Visual Studio 15
VisualStudioVersion = 15.0.27130.2024
MinimumVisualStudioVersion = 10.0.40219.1
Project("{FAE04EC0-301F-11D3-BF4B-00C04F79EFBC}") = "test", "test\test.csproj", "{367BA3F6-BE3C-4BEC-8A12-CF03C2F638EA}"
EndProject
Project("{FAE04EC0-301F-11D3-BF4B-00C04F79EFBC}") = "demo1", "AutoResetEvent\demo1.csproj", "{877CF375-8CEE-421C-84C2-B732A6046078}"
EndProject
Project("{2150E333-8FDC-42A3-9474-1A3956D46DE8}") = "AutoResetEvent1", "AutoResetEvent1", "{D78805D4-9C83-4F5B-B265-47BB59C51CCA}"
EndProject
Project("{FAE04EC0-301F-11D3-BF4B-00C04F79EFBC}") = "demo2", "demo2\demo2.csproj", "{7E8FC8B7-05DF-49BC-B85A-A08060683CB0}"
EndProject
Project("{2150E333-8FDC-42A3-9474-1A3956D46DE8}") = "Semaphore(信号量)", "Semaphore(信号量)", "{51867478-BF19-4E80-B99F-692F8AD7D108}"
EndProject
Project("{FAE04EC0-301F-11D3-BF4B-00C04F79EFBC}") = "Semaphore", "Semaphore\Semaphore.csproj", "{C1C74622-F386-4351-9AB8-F89C144E56BB}"
EndProject
Project("{2150E333-8FDC-42A3-9474-1A3956D46DE8}") = "Event", "Event", "{EBEA86EC-20D4-413A-B711-36B1DD5BDD53}"
EndProject
Project("{FAE04EC0-301F-11D3-BF4B-00C04F79EFBC}") = "delegatedemo", "demo\delegatedemo.csproj", "{8E23A53C-C594-4822-B205-61C3F029534C}"
EndProject
Project("{2150E333-8FDC-42A3-9474-1A3956D46DE8}") = "Queue", "Queue", "{510C31EA-1488-4B5C-BA33-EFC53DCC3607}"
EndProject
Project("{FAE04EC0-301F-11D3-BF4B-00C04F79EFBC}") = "ConcurrentQueueDemo", "ConcurrentQueueDemo\ConcurrentQueueDemo.csproj", "{CC913C02-4FB4-44F7-AE11-0A6482F475CF}"
EndProject
Project("{FAE04EC0-301F-11D3-BF4B-00C04F79EFBC}") = "queuetest", "queuetest\queuetest.csproj", "{A3037AEB-AA2F-480A-B441-F1D0807CAB4D}"
EndProject
Project("{2150E333-8FDC-42A3-9474-1A3956D46DE8}") = "CancellationTokenSource", "CancellationTokenSource", "{11967A8F-A925-4CC1-9D68-A84661E5CC8B}"
EndProject
Project("{2150E333-8FDC-42A3-9474-1A3956D46DE8}") = "TaskDemo", "TaskDemo", "{422FEB45-6C11-408B-B4C8-5003323B0150}"
EndProject
Project("{FAE04EC0-301F-11D3-BF4B-00C04F79EFBC}") = "task1demo", "task1demo\task1demo.csproj", "{DC793249-B3E0-4775-BBDA-0B3C0C949F33}"
EndProject
Project("{FAE04EC0-301F-11D3-BF4B-00C04F79EFBC}") = "threaddemo", "threaddemo\threaddemo.csproj", "{3EC05C9B-A060-4208-89CA-33213D93DF2A}"
EndProject
Project("{FAE04EC0-301F-11D3-BF4B-00C04F79EFBC}") = "event1demo", "event1demo\event1demo.csproj", "{E0411B0C-EB8C-428B-A86F-7F512D26966D}"
EndProject
Project("{2150E333-8FDC-42A3-9474-1A3956D46DE8}") = "ASP.NET Core", "ASP.NET Core", "{7DAC36EA-C143-41E8-91CF-92AA7F2828C8}"
EndProject
Project("{FAE04EC0-301F-11D3-BF4B-00C04F79EFBC}") = "event2demo", "event2demo\event2demo.csproj", "{C5C6ECD2-6F42-47DD-97EA-43346802ACB5}"
EndProject
Project("{FAE04EC0-301F-11D3-BF4B-00C04F79EFBC}") = "event3demo", "event3demo\event3demo.csproj", "{06E6BE09-875D-432E-8B55-1877E6EC69B1}"
EndProject
Project("{FAE04EC0-301F-11D3-BF4B-00C04F79EFBC}") = "event4demo", "event4demo\event4demo.csproj", "{328109BE-3CBE-41A2-86B0-BE403B2E4203}"
EndProject
Project("{FAE04EC0-301F-11D3-BF4B-00C04F79EFBC}") = "bloomfilter", "demo1\bloomfilter.csproj", "{A203E21C-F570-4610-91AA-AD9DBEE060B7}"
EndProject
Project("{9A19103F-16F7-4668-BE54-9A1E7A4F7556}") = "webdemo1", "webdemo1\webdemo1.csproj", "{3D17C16E-0C72-4FC0-899B-391923CF1EE0}"
EndProject
Project("{2150E333-8FDC-42A3-9474-1A3956D46DE8}") = "ioc_demo", "ioc_demo", "{F2649977-F7F9-4826-9B01-F62A2C1F47ED}"
EndProject
Project("{2150E333-8FDC-42A3-9474-1A3956D46DE8}") = "MD5", "MD5", "{42A30881-EBA3-492D-AA06-F171661A4BB5}"
EndProject
Project("{FAE04EC0-301F-11D3-BF4B-00C04F79EFBC}") = "MD5demo", "MD5demo\MD5demo.csproj", "{BBAFDA51-DCEF-4F80-9006-797DF41E0B7C}"
EndProject
Project("{2150E333-8FDC-42A3-9474-1A3956D46DE8}") = "HttpClient", "HttpClient", "{45A7FF7B-BD4E-4417-AFB2-5D194BDE182F}"
EndProject
Project("{FAE04EC0-301F-11D3-BF4B-00C04F79EFBC}") = "WebClientDemo", "WebClientDemo\WebClientDemo.csproj", "{538F3F01-32A1-4B7E-A855-5E16BB308161}"
EndProject
Project("{FAE04EC0-301F-11D3-BF4B-00C04F79EFBC}") = "httpclientdemo", "httpclientdemo\httpclientdemo.csproj", "{71BC31AC-F935-468C-BB3D-2528E6429D3C}"
EndProject
Project("{2150E333-8FDC-42A3-9474-1A3956D46DE8}") = "netbase", "netbase", "{7D9BA568-F536-4D92-A65E-84DE535E3139}"
EndProject
Project("{FAE04EC0-301F-11D3-BF4B-00C04F79EFBC}") = "IEnumerable_1", "IEnumerable\IEnumerable_1.csproj", "{D317A036-6B4E-4F8E-8FA7-6E5FE7C6E1C0}"
EndProject
Project("{FAE04EC0-301F-11D3-BF4B-00C04F79EFBC}") = "yield_demo", "yield_demo\yield_demo.csproj", "{D32572FB-31DD-49BD-B577-0763F153D496}"
EndProject
Project("{FAE04EC0-301F-11D3-BF4B-00C04F79EFBC}") = "lazy_demo", "lazy_demo\lazy_demo.csproj", "{B6E3729E-4E78-47DC-B8D0-C1D196D2249B}"
EndProject
Project("{2150E333-8FDC-42A3-9474-1A3956D46DE8}") = "InumberableDemo", "InumberableDemo", "{2524747B-6904-4AB0-8642-17690ADE4022}"
EndProject
Project("{FAE04EC0-301F-11D3-BF4B-00C04F79EFBC}") = "IEnumerable_2", "IEnumerable_2\IEnumerable_2.csproj", "{E3DD1562-7A74-4228-BCF8-B6BB631AE028}"
EndProject
Project("{FAE04EC0-301F-11D3-BF4B-00C04F79EFBC}") = "IEnumerable_3", "IEnumerable_3\IEnumerable_3.csproj", "{96EB6637-C07A-48E5-A3F4-43C9C44ADC8B}"
EndProject
Project("{2150E333-8FDC-42A3-9474-1A3956D46DE8}") = "设计模式", "设计模式", "{E4B2E9AE-23A2-407A-AAAE-647C98116E11}"
EndProject
Project("{FAE04EC0-301F-11D3-BF4B-00C04F79EFBC}") = "装饰者模式_1", "装饰者模式_1\装饰者模式_1.csproj", "{7AA2B7FD-5091-40FB-8199-B230B685BBFF}"
EndProject
Project("{FAE04EC0-301F-11D3-BF4B-00C04F79EFBC}") = "高内聚低耦合", "高内聚低耦合\高内聚低耦合.csproj", "{2BE4CA1D-31EC-4AAC-ADD7-0DF9440BF8B6}"
EndProject
Project("{FAE04EC0-301F-11D3-BF4B-00C04F79EFBC}") = "asnyc_deadlock", "asnyc_deadlock\asnyc_deadlock.csproj", "{68AD21D6-C8C3-4423-8BE9-FAC9589C082E}"
EndProject
Project("{2150E333-8FDC-42A3-9474-1A3956D46DE8}") = "trycatch", "trycatch", "{32DC2230-1330-4231-B7CC-41668ECD4D12}"
EndProject
Project("{FAE04EC0-301F-11D3-BF4B-00C04F79EFBC}") = "catchdemo1", "catchdemo1\catchdemo1.csproj", "{2CFEBEF1-FFFF-4516-B181-C478FF31C346}"
EndProject
Project("{FAE04EC0-301F-11D3-BF4B-00C04F79EFBC}") = "encodingdemo", "encodingdemo\encodingdemo.csproj", "{7952B01F-AB07-4E3C-BD1C-0B2A749C70E6}"
EndProject
Project("{2150E333-8FDC-42A3-9474-1A3956D46DE8}") = "Crawler", "Crawler", "{7B1049DF-F820-4FAD-8E86-1B224168B8F9}"
EndProject
Project("{9A19103F-16F7-4668-BE54-9A1E7A4F7556}") = "Pomelo.AspNetCore.TimedJob.Demo1", "Pomelo.AspNetCore.TimedJob.Demo1\Pomelo.AspNetCore.TimedJob.Demo1.csproj", "{B7948E72-2B6A-4D42-A009-916DCA2DEDD0}"
EndProject
Project("{FAE04EC0-301F-11D3-BF4B-00C04F79EFBC}") = "taskdemo2", "taskdemo2\taskdemo2.csproj", "{E71B6BF9-02C3-4E69-AC38-452BA224EAD6}"
EndProject
Project("{2150E333-8FDC-42A3-9474-1A3956D46DE8}") = "pic_demo", "pic_demo", "{F64D83C5-19A8-4426-BD1B-DCD3449ECECB}"
EndProject
Project("{2150E333-8FDC-42A3-9474-1A3956D46DE8}") = "Angular", "Angular", "{E05CCBAE-42BC-4505-A800-FD2FB454BF1A}"
EndProject
Project("{2150E333-8FDC-42A3-9474-1A3956D46DE8}") = "SQLite", "SQLite", "{BBE5DBF7-D09B-4892-BAC9-BDD7AB33FC2C}"
EndProject
Project("{2150E333-8FDC-42A3-9474-1A3956D46DE8}") = "SlideVerificationCode", "SlideVerificationCode", "{80C1E1A0-C910-4E48-8256-EBE63D8804CA}"
EndProject
Project("{2150E333-8FDC-42A3-9474-1A3956D46DE8}") = "GraphEngine", "GraphEngine", "{98E57754-0C40-4561-874C-6DD2C542D8BF}"
EndProject
Project("{2150E333-8FDC-42A3-9474-1A3956D46DE8}") = "BitCoinCheck", "BitCoinCheck", "{955580E1-1A60-43B9-B4C8-60342760297E}"
EndProject
Project("{2150E333-8FDC-42A3-9474-1A3956D46DE8}") = "语音验证码", "语音验证码", "{1B82F566-BE2B-467D-B556-87C376B12B21}"
EndProject
Project("{2150E333-8FDC-42A3-9474-1A3956D46DE8}") = "短信验证码", "短信验证码", "{9A4FC12A-EBAE-4636-B47D-166A9C14F3AE}"
EndProject
Project("{FAE04EC0-301F-11D3-BF4B-00C04F79EFBC}") = "yield_demo1", "yield_demo1\yield_demo1.csproj", "{D3F9E10A-A9EA-4344-A6A7-A38894BAF579}"
EndProject
Project("{2150E333-8FDC-42A3-9474-1A3956D46DE8}") = "yield", "yield", "{E9CE17BB-AEB3-412A-8F04-1339EB7E59D1}"
EndProject
Project("{FAE04EC0-301F-11D3-BF4B-00C04F79EFBC}") = "freeip", "多线程爬虫抓取免费代理IP\freeip.csproj", "{5E25647A-30DD-4260-AFDA-4257DC4FCDEC}"
EndProject
Project("{FAE04EC0-301F-11D3-BF4B-00C04F79EFBC}") = "task.waitallwhenall", "task.waitallwhenall\task.waitallwhenall.csproj", "{F55576F0-694F-47B9-BFFC-5F29952F1B6A}"
EndProject
Project("{FAE04EC0-301F-11D3-BF4B-00C04F79EFBC}") = "createnewtable", "创建表\createnewtable.csproj", "{F94B7739-9665-4D4F-A9A4-67A7E421653A}"
EndProject
Project("{FAE04EC0-301F-11D3-BF4B-00C04F79EFBC}") = "T4Template", "T4Template\T4Template.csproj", "{0D3EE08B-D745-4636-8052-B33523817040}"
EndProject
Global
	GlobalSection(SolutionConfigurationPlatforms) = preSolution
		Debug|Any CPU = Debug|Any CPU
		Release|Any CPU = Release|Any CPU
	EndGlobalSection
	GlobalSection(ProjectConfigurationPlatforms) = postSolution
		{367BA3F6-BE3C-4BEC-8A12-CF03C2F638EA}.Debug|Any CPU.ActiveCfg = Debug|Any CPU
		{367BA3F6-BE3C-4BEC-8A12-CF03C2F638EA}.Debug|Any CPU.Build.0 = Debug|Any CPU
		{367BA3F6-BE3C-4BEC-8A12-CF03C2F638EA}.Release|Any CPU.ActiveCfg = Release|Any CPU
		{367BA3F6-BE3C-4BEC-8A12-CF03C2F638EA}.Release|Any CPU.Build.0 = Release|Any CPU
		{877CF375-8CEE-421C-84C2-B732A6046078}.Debug|Any CPU.ActiveCfg = Debug|Any CPU
		{877CF375-8CEE-421C-84C2-B732A6046078}.Debug|Any CPU.Build.0 = Debug|Any CPU
		{877CF375-8CEE-421C-84C2-B732A6046078}.Release|Any CPU.ActiveCfg = Release|Any CPU
		{877CF375-8CEE-421C-84C2-B732A6046078}.Release|Any CPU.Build.0 = Release|Any CPU
		{7E8FC8B7-05DF-49BC-B85A-A08060683CB0}.Debug|Any CPU.ActiveCfg = Debug|Any CPU
		{7E8FC8B7-05DF-49BC-B85A-A08060683CB0}.Debug|Any CPU.Build.0 = Debug|Any CPU
		{7E8FC8B7-05DF-49BC-B85A-A08060683CB0}.Release|Any CPU.ActiveCfg = Release|Any CPU
		{7E8FC8B7-05DF-49BC-B85A-A08060683CB0}.Release|Any CPU.Build.0 = Release|Any CPU
		{C1C74622-F386-4351-9AB8-F89C144E56BB}.Debug|Any CPU.ActiveCfg = Debug|Any CPU
		{C1C74622-F386-4351-9AB8-F89C144E56BB}.Debug|Any CPU.Build.0 = Debug|Any CPU
		{C1C74622-F386-4351-9AB8-F89C144E56BB}.Release|Any CPU.ActiveCfg = Release|Any CPU
		{C1C74622-F386-4351-9AB8-F89C144E56BB}.Release|Any CPU.Build.0 = Release|Any CPU
		{8E23A53C-C594-4822-B205-61C3F029534C}.Debug|Any CPU.ActiveCfg = Debug|Any CPU
		{8E23A53C-C594-4822-B205-61C3F029534C}.Debug|Any CPU.Build.0 = Debug|Any CPU
		{8E23A53C-C594-4822-B205-61C3F029534C}.Release|Any CPU.ActiveCfg = Release|Any CPU
		{8E23A53C-C594-4822-B205-61C3F029534C}.Release|Any CPU.Build.0 = Release|Any CPU
		{CC913C02-4FB4-44F7-AE11-0A6482F475CF}.Debug|Any CPU.ActiveCfg = Debug|Any CPU
		{CC913C02-4FB4-44F7-AE11-0A6482F475CF}.Debug|Any CPU.Build.0 = Debug|Any CPU
		{CC913C02-4FB4-44F7-AE11-0A6482F475CF}.Release|Any CPU.ActiveCfg = Release|Any CPU
		{CC913C02-4FB4-44F7-AE11-0A6482F475CF}.Release|Any CPU.Build.0 = Release|Any CPU
		{A3037AEB-AA2F-480A-B441-F1D0807CAB4D}.Debug|Any CPU.ActiveCfg = Debug|Any CPU
		{A3037AEB-AA2F-480A-B441-F1D0807CAB4D}.Debug|Any CPU.Build.0 = Debug|Any CPU
		{A3037AEB-AA2F-480A-B441-F1D0807CAB4D}.Release|Any CPU.ActiveCfg = Release|Any CPU
		{A3037AEB-AA2F-480A-B441-F1D0807CAB4D}.Release|Any CPU.Build.0 = Release|Any CPU
		{DC793249-B3E0-4775-BBDA-0B3C0C949F33}.Debug|Any CPU.ActiveCfg = Debug|Any CPU
		{DC793249-B3E0-4775-BBDA-0B3C0C949F33}.Debug|Any CPU.Build.0 = Debug|Any CPU
		{DC793249-B3E0-4775-BBDA-0B3C0C949F33}.Release|Any CPU.ActiveCfg = Release|Any CPU
		{DC793249-B3E0-4775-BBDA-0B3C0C949F33}.Release|Any CPU.Build.0 = Release|Any CPU
		{3EC05C9B-A060-4208-89CA-33213D93DF2A}.Debug|Any CPU.ActiveCfg = Debug|Any CPU
		{3EC05C9B-A060-4208-89CA-33213D93DF2A}.Debug|Any CPU.Build.0 = Debug|Any CPU
		{3EC05C9B-A060-4208-89CA-33213D93DF2A}.Release|Any CPU.ActiveCfg = Release|Any CPU
		{3EC05C9B-A060-4208-89CA-33213D93DF2A}.Release|Any CPU.Build.0 = Release|Any CPU
		{E0411B0C-EB8C-428B-A86F-7F512D26966D}.Debug|Any CPU.ActiveCfg = Debug|Any CPU
		{E0411B0C-EB8C-428B-A86F-7F512D26966D}.Debug|Any CPU.Build.0 = Debug|Any CPU
		{E0411B0C-EB8C-428B-A86F-7F512D26966D}.Release|Any CPU.ActiveCfg = Release|Any CPU
		{E0411B0C-EB8C-428B-A86F-7F512D26966D}.Release|Any CPU.Build.0 = Release|Any CPU
		{C5C6ECD2-6F42-47DD-97EA-43346802ACB5}.Debug|Any CPU.ActiveCfg = Debug|Any CPU
		{C5C6ECD2-6F42-47DD-97EA-43346802ACB5}.Debug|Any CPU.Build.0 = Debug|Any CPU
		{C5C6ECD2-6F42-47DD-97EA-43346802ACB5}.Release|Any CPU.ActiveCfg = Release|Any CPU
		{C5C6ECD2-6F42-47DD-97EA-43346802ACB5}.Release|Any CPU.Build.0 = Release|Any CPU
		{06E6BE09-875D-432E-8B55-1877E6EC69B1}.Debug|Any CPU.ActiveCfg = Debug|Any CPU
		{06E6BE09-875D-432E-8B55-1877E6EC69B1}.Debug|Any CPU.Build.0 = Debug|Any CPU
		{06E6BE09-875D-432E-8B55-1877E6EC69B1}.Release|Any CPU.ActiveCfg = Release|Any CPU
		{06E6BE09-875D-432E-8B55-1877E6EC69B1}.Release|Any CPU.Build.0 = Release|Any CPU
		{328109BE-3CBE-41A2-86B0-BE403B2E4203}.Debug|Any CPU.ActiveCfg = Debug|Any CPU
		{328109BE-3CBE-41A2-86B0-BE403B2E4203}.Debug|Any CPU.Build.0 = Debug|Any CPU
		{328109BE-3CBE-41A2-86B0-BE403B2E4203}.Release|Any CPU.ActiveCfg = Release|Any CPU
		{328109BE-3CBE-41A2-86B0-BE403B2E4203}.Release|Any CPU.Build.0 = Release|Any CPU
		{A203E21C-F570-4610-91AA-AD9DBEE060B7}.Debug|Any CPU.ActiveCfg = Debug|Any CPU
		{A203E21C-F570-4610-91AA-AD9DBEE060B7}.Debug|Any CPU.Build.0 = Debug|Any CPU
		{A203E21C-F570-4610-91AA-AD9DBEE060B7}.Release|Any CPU.ActiveCfg = Release|Any CPU
		{A203E21C-F570-4610-91AA-AD9DBEE060B7}.Release|Any CPU.Build.0 = Release|Any CPU
		{3D17C16E-0C72-4FC0-899B-391923CF1EE0}.Debug|Any CPU.ActiveCfg = Debug|Any CPU
		{3D17C16E-0C72-4FC0-899B-391923CF1EE0}.Debug|Any CPU.Build.0 = Debug|Any CPU
		{3D17C16E-0C72-4FC0-899B-391923CF1EE0}.Release|Any CPU.ActiveCfg = Release|Any CPU
		{3D17C16E-0C72-4FC0-899B-391923CF1EE0}.Release|Any CPU.Build.0 = Release|Any CPU
		{BBAFDA51-DCEF-4F80-9006-797DF41E0B7C}.Debug|Any CPU.ActiveCfg = Debug|Any CPU
		{BBAFDA51-DCEF-4F80-9006-797DF41E0B7C}.Debug|Any CPU.Build.0 = Debug|Any CPU
		{BBAFDA51-DCEF-4F80-9006-797DF41E0B7C}.Release|Any CPU.ActiveCfg = Release|Any CPU
		{BBAFDA51-DCEF-4F80-9006-797DF41E0B7C}.Release|Any CPU.Build.0 = Release|Any CPU
		{538F3F01-32A1-4B7E-A855-5E16BB308161}.Debug|Any CPU.ActiveCfg = Debug|Any CPU
		{538F3F01-32A1-4B7E-A855-5E16BB308161}.Debug|Any CPU.Build.0 = Debug|Any CPU
		{538F3F01-32A1-4B7E-A855-5E16BB308161}.Release|Any CPU.ActiveCfg = Release|Any CPU
		{538F3F01-32A1-4B7E-A855-5E16BB308161}.Release|Any CPU.Build.0 = Release|Any CPU
		{71BC31AC-F935-468C-BB3D-2528E6429D3C}.Debug|Any CPU.ActiveCfg = Debug|Any CPU
		{71BC31AC-F935-468C-BB3D-2528E6429D3C}.Debug|Any CPU.Build.0 = Debug|Any CPU
		{71BC31AC-F935-468C-BB3D-2528E6429D3C}.Release|Any CPU.ActiveCfg = Release|Any CPU
		{71BC31AC-F935-468C-BB3D-2528E6429D3C}.Release|Any CPU.Build.0 = Release|Any CPU
		{D317A036-6B4E-4F8E-8FA7-6E5FE7C6E1C0}.Debug|Any CPU.ActiveCfg = Debug|Any CPU
		{D317A036-6B4E-4F8E-8FA7-6E5FE7C6E1C0}.Debug|Any CPU.Build.0 = Debug|Any CPU
		{D317A036-6B4E-4F8E-8FA7-6E5FE7C6E1C0}.Release|Any CPU.ActiveCfg = Release|Any CPU
		{D317A036-6B4E-4F8E-8FA7-6E5FE7C6E1C0}.Release|Any CPU.Build.0 = Release|Any CPU
		{D32572FB-31DD-49BD-B577-0763F153D496}.Debug|Any CPU.ActiveCfg = Debug|Any CPU
		{D32572FB-31DD-49BD-B577-0763F153D496}.Debug|Any CPU.Build.0 = Debug|Any CPU
		{D32572FB-31DD-49BD-B577-0763F153D496}.Release|Any CPU.ActiveCfg = Release|Any CPU
		{D32572FB-31DD-49BD-B577-0763F153D496}.Release|Any CPU.Build.0 = Release|Any CPU
		{B6E3729E-4E78-47DC-B8D0-C1D196D2249B}.Debug|Any CPU.ActiveCfg = Debug|Any CPU
		{B6E3729E-4E78-47DC-B8D0-C1D196D2249B}.Debug|Any CPU.Build.0 = Debug|Any CPU
		{B6E3729E-4E78-47DC-B8D0-C1D196D2249B}.Release|Any CPU.ActiveCfg = Release|Any CPU
		{B6E3729E-4E78-47DC-B8D0-C1D196D2249B}.Release|Any CPU.Build.0 = Release|Any CPU
		{E3DD1562-7A74-4228-BCF8-B6BB631AE028}.Debug|Any CPU.ActiveCfg = Debug|Any CPU
		{E3DD1562-7A74-4228-BCF8-B6BB631AE028}.Debug|Any CPU.Build.0 = Debug|Any CPU
		{E3DD1562-7A74-4228-BCF8-B6BB631AE028}.Release|Any CPU.ActiveCfg = Release|Any CPU
		{E3DD1562-7A74-4228-BCF8-B6BB631AE028}.Release|Any CPU.Build.0 = Release|Any CPU
		{96EB6637-C07A-48E5-A3F4-43C9C44ADC8B}.Debug|Any CPU.ActiveCfg = Debug|Any CPU
		{96EB6637-C07A-48E5-A3F4-43C9C44ADC8B}.Debug|Any CPU.Build.0 = Debug|Any CPU
		{96EB6637-C07A-48E5-A3F4-43C9C44ADC8B}.Release|Any CPU.ActiveCfg = Release|Any CPU
		{96EB6637-C07A-48E5-A3F4-43C9C44ADC8B}.Release|Any CPU.Build.0 = Release|Any CPU
		{7AA2B7FD-5091-40FB-8199-B230B685BBFF}.Debug|Any CPU.ActiveCfg = Debug|Any CPU
		{7AA2B7FD-5091-40FB-8199-B230B685BBFF}.Debug|Any CPU.Build.0 = Debug|Any CPU
		{7AA2B7FD-5091-40FB-8199-B230B685BBFF}.Release|Any CPU.ActiveCfg = Release|Any CPU
		{7AA2B7FD-5091-40FB-8199-B230B685BBFF}.Release|Any CPU.Build.0 = Release|Any CPU
		{2BE4CA1D-31EC-4AAC-ADD7-0DF9440BF8B6}.Debug|Any CPU.ActiveCfg = Debug|Any CPU
		{2BE4CA1D-31EC-4AAC-ADD7-0DF9440BF8B6}.Debug|Any CPU.Build.0 = Debug|Any CPU
		{2BE4CA1D-31EC-4AAC-ADD7-0DF9440BF8B6}.Release|Any CPU.ActiveCfg = Release|Any CPU
		{2BE4CA1D-31EC-4AAC-ADD7-0DF9440BF8B6}.Release|Any CPU.Build.0 = Release|Any CPU
		{68AD21D6-C8C3-4423-8BE9-FAC9589C082E}.Debug|Any CPU.ActiveCfg = Debug|Any CPU
		{68AD21D6-C8C3-4423-8BE9-FAC9589C082E}.Debug|Any CPU.Build.0 = Debug|Any CPU
		{68AD21D6-C8C3-4423-8BE9-FAC9589C082E}.Release|Any CPU.ActiveCfg = Release|Any CPU
		{68AD21D6-C8C3-4423-8BE9-FAC9589C082E}.Release|Any CPU.Build.0 = Release|Any CPU
		{2CFEBEF1-FFFF-4516-B181-C478FF31C346}.Debug|Any CPU.ActiveCfg = Debug|Any CPU
		{2CFEBEF1-FFFF-4516-B181-C478FF31C346}.Debug|Any CPU.Build.0 = Debug|Any CPU
		{2CFEBEF1-FFFF-4516-B181-C478FF31C346}.Release|Any CPU.ActiveCfg = Release|Any CPU
		{2CFEBEF1-FFFF-4516-B181-C478FF31C346}.Release|Any CPU.Build.0 = Release|Any CPU
		{7952B01F-AB07-4E3C-BD1C-0B2A749C70E6}.Debug|Any CPU.ActiveCfg = Debug|Any CPU
		{7952B01F-AB07-4E3C-BD1C-0B2A749C70E6}.Debug|Any CPU.Build.0 = Debug|Any CPU
		{7952B01F-AB07-4E3C-BD1C-0B2A749C70E6}.Release|Any CPU.ActiveCfg = Release|Any CPU
		{7952B01F-AB07-4E3C-BD1C-0B2A749C70E6}.Release|Any CPU.Build.0 = Release|Any CPU
		{B7948E72-2B6A-4D42-A009-916DCA2DEDD0}.Debug|Any CPU.ActiveCfg = Debug|Any CPU
		{B7948E72-2B6A-4D42-A009-916DCA2DEDD0}.Debug|Any CPU.Build.0 = Debug|Any CPU
		{B7948E72-2B6A-4D42-A009-916DCA2DEDD0}.Release|Any CPU.ActiveCfg = Release|Any CPU
		{B7948E72-2B6A-4D42-A009-916DCA2DEDD0}.Release|Any CPU.Build.0 = Release|Any CPU
		{E71B6BF9-02C3-4E69-AC38-452BA224EAD6}.Debug|Any CPU.ActiveCfg = Debug|Any CPU
		{E71B6BF9-02C3-4E69-AC38-452BA224EAD6}.Debug|Any CPU.Build.0 = Debug|Any CPU
		{E71B6BF9-02C3-4E69-AC38-452BA224EAD6}.Release|Any CPU.ActiveCfg = Release|Any CPU
		{E71B6BF9-02C3-4E69-AC38-452BA224EAD6}.Release|Any CPU.Build.0 = Release|Any CPU
		{D3F9E10A-A9EA-4344-A6A7-A38894BAF579}.Debug|Any CPU.ActiveCfg = Debug|Any CPU
		{D3F9E10A-A9EA-4344-A6A7-A38894BAF579}.Debug|Any CPU.Build.0 = Debug|Any CPU
		{D3F9E10A-A9EA-4344-A6A7-A38894BAF579}.Release|Any CPU.ActiveCfg = Release|Any CPU
		{D3F9E10A-A9EA-4344-A6A7-A38894BAF579}.Release|Any CPU.Build.0 = Release|Any CPU
		{5E25647A-30DD-4260-AFDA-4257DC4FCDEC}.Debug|Any CPU.ActiveCfg = Debug|Any CPU
		{5E25647A-30DD-4260-AFDA-4257DC4FCDEC}.Debug|Any CPU.Build.0 = Debug|Any CPU
		{5E25647A-30DD-4260-AFDA-4257DC4FCDEC}.Release|Any CPU.ActiveCfg = Release|Any CPU
		{5E25647A-30DD-4260-AFDA-4257DC4FCDEC}.Release|Any CPU.Build.0 = Release|Any CPU
		{F55576F0-694F-47B9-BFFC-5F29952F1B6A}.Debug|Any CPU.ActiveCfg = Debug|Any CPU
		{F55576F0-694F-47B9-BFFC-5F29952F1B6A}.Debug|Any CPU.Build.0 = Debug|Any CPU
		{F55576F0-694F-47B9-BFFC-5F29952F1B6A}.Release|Any CPU.ActiveCfg = Release|Any CPU
		{F55576F0-694F-47B9-BFFC-5F29952F1B6A}.Release|Any CPU.Build.0 = Release|Any CPU
		{F94B7739-9665-4D4F-A9A4-67A7E421653A}.Debug|Any CPU.ActiveCfg = Debug|Any CPU
		{F94B7739-9665-4D4F-A9A4-67A7E421653A}.Debug|Any CPU.Build.0 = Debug|Any CPU
		{F94B7739-9665-4D4F-A9A4-67A7E421653A}.Release|Any CPU.ActiveCfg = Release|Any CPU
		{F94B7739-9665-4D4F-A9A4-67A7E421653A}.Release|Any CPU.Build.0 = Release|Any CPU
		{0D3EE08B-D745-4636-8052-B33523817040}.Debug|Any CPU.ActiveCfg = Debug|Any CPU
		{0D3EE08B-D745-4636-8052-B33523817040}.Debug|Any CPU.Build.0 = Debug|Any CPU
		{0D3EE08B-D745-4636-8052-B33523817040}.Release|Any CPU.ActiveCfg = Release|Any CPU
		{0D3EE08B-D745-4636-8052-B33523817040}.Release|Any CPU.Build.0 = Release|Any CPU
	EndGlobalSection
	GlobalSection(SolutionProperties) = preSolution
		HideSolutionNode = FALSE
	EndGlobalSection
	GlobalSection(NestedProjects) = preSolution
		{877CF375-8CEE-421C-84C2-B732A6046078} = {D78805D4-9C83-4F5B-B265-47BB59C51CCA}
		{7E8FC8B7-05DF-49BC-B85A-A08060683CB0} = {D78805D4-9C83-4F5B-B265-47BB59C51CCA}
		{C1C74622-F386-4351-9AB8-F89C144E56BB} = {51867478-BF19-4E80-B99F-692F8AD7D108}
		{8E23A53C-C594-4822-B205-61C3F029534C} = {EBEA86EC-20D4-413A-B711-36B1DD5BDD53}
		{CC913C02-4FB4-44F7-AE11-0A6482F475CF} = {510C31EA-1488-4B5C-BA33-EFC53DCC3607}
		{A3037AEB-AA2F-480A-B441-F1D0807CAB4D} = {510C31EA-1488-4B5C-BA33-EFC53DCC3607}
		{DC793249-B3E0-4775-BBDA-0B3C0C949F33} = {422FEB45-6C11-408B-B4C8-5003323B0150}
		{3EC05C9B-A060-4208-89CA-33213D93DF2A} = {422FEB45-6C11-408B-B4C8-5003323B0150}
		{E0411B0C-EB8C-428B-A86F-7F512D26966D} = {EBEA86EC-20D4-413A-B711-36B1DD5BDD53}
		{C5C6ECD2-6F42-47DD-97EA-43346802ACB5} = {EBEA86EC-20D4-413A-B711-36B1DD5BDD53}
		{06E6BE09-875D-432E-8B55-1877E6EC69B1} = {EBEA86EC-20D4-413A-B711-36B1DD5BDD53}
		{328109BE-3CBE-41A2-86B0-BE403B2E4203} = {EBEA86EC-20D4-413A-B711-36B1DD5BDD53}
		{A203E21C-F570-4610-91AA-AD9DBEE060B7} = {7B1049DF-F820-4FAD-8E86-1B224168B8F9}
		{3D17C16E-0C72-4FC0-899B-391923CF1EE0} = {7DAC36EA-C143-41E8-91CF-92AA7F2828C8}
		{BBAFDA51-DCEF-4F80-9006-797DF41E0B7C} = {42A30881-EBA3-492D-AA06-F171661A4BB5}
		{538F3F01-32A1-4B7E-A855-5E16BB308161} = {45A7FF7B-BD4E-4417-AFB2-5D194BDE182F}
		{71BC31AC-F935-468C-BB3D-2528E6429D3C} = {45A7FF7B-BD4E-4417-AFB2-5D194BDE182F}
		{D317A036-6B4E-4F8E-8FA7-6E5FE7C6E1C0} = {2524747B-6904-4AB0-8642-17690ADE4022}
		{D32572FB-31DD-49BD-B577-0763F153D496} = {E9CE17BB-AEB3-412A-8F04-1339EB7E59D1}
		{B6E3729E-4E78-47DC-B8D0-C1D196D2249B} = {7D9BA568-F536-4D92-A65E-84DE535E3139}
		{E3DD1562-7A74-4228-BCF8-B6BB631AE028} = {2524747B-6904-4AB0-8642-17690ADE4022}
		{96EB6637-C07A-48E5-A3F4-43C9C44ADC8B} = {2524747B-6904-4AB0-8642-17690ADE4022}
		{7AA2B7FD-5091-40FB-8199-B230B685BBFF} = {E4B2E9AE-23A2-407A-AAAE-647C98116E11}
		{2BE4CA1D-31EC-4AAC-ADD7-0DF9440BF8B6} = {E4B2E9AE-23A2-407A-AAAE-647C98116E11}
		{68AD21D6-C8C3-4423-8BE9-FAC9589C082E} = {422FEB45-6C11-408B-B4C8-5003323B0150}
		{2CFEBEF1-FFFF-4516-B181-C478FF31C346} = {32DC2230-1330-4231-B7CC-41668ECD4D12}
		{7952B01F-AB07-4E3C-BD1C-0B2A749C70E6} = {7D9BA568-F536-4D92-A65E-84DE535E3139}
		{B7948E72-2B6A-4D42-A009-916DCA2DEDD0} = {7B1049DF-F820-4FAD-8E86-1B224168B8F9}
		{E71B6BF9-02C3-4E69-AC38-452BA224EAD6} = {422FEB45-6C11-408B-B4C8-5003323B0150}
		{80C1E1A0-C910-4E48-8256-EBE63D8804CA} = {F64D83C5-19A8-4426-BD1B-DCD3449ECECB}
		{1B82F566-BE2B-467D-B556-87C376B12B21} = {F64D83C5-19A8-4426-BD1B-DCD3449ECECB}
		{9A4FC12A-EBAE-4636-B47D-166A9C14F3AE} = {F64D83C5-19A8-4426-BD1B-DCD3449ECECB}
		{D3F9E10A-A9EA-4344-A6A7-A38894BAF579} = {E9CE17BB-AEB3-412A-8F04-1339EB7E59D1}
		{E9CE17BB-AEB3-412A-8F04-1339EB7E59D1} = {7D9BA568-F536-4D92-A65E-84DE535E3139}
		{5E25647A-30DD-4260-AFDA-4257DC4FCDEC} = {7B1049DF-F820-4FAD-8E86-1B224168B8F9}
		{F55576F0-694F-47B9-BFFC-5F29952F1B6A} = {422FEB45-6C11-408B-B4C8-5003323B0150}
		{F94B7739-9665-4D4F-A9A4-67A7E421653A} = {BBE5DBF7-D09B-4892-BAC9-BDD7AB33FC2C}
		{0D3EE08B-D745-4636-8052-B33523817040} = {BBE5DBF7-D09B-4892-BAC9-BDD7AB33FC2C}
	EndGlobalSection
	GlobalSection(ExtensibilityGlobals) = postSolution
		SolutionGuid = {819BC56C-AD9B-4619-989F-711FCC7E312B}
	EndGlobalSection
EndGlobal
